
Microsoft Visual Studio Solution File, Format Version 12.00
# Visual Studio 14
VisualStudioVersion = 14.0.25420.1
MinimumVisualStudioVersion = 10.0.40219.1
Project("{FAE04EC0-301F-11D3-BF4B-00C04F79EFBC}") = "DataTypes", "DataTypes\DataTypes.csproj", "{48B21CAC-10D1-4430-A577-3FC527E10CAB}"
EndProject
Project("{FAE04EC0-301F-11D3-BF4B-00C04F79EFBC}") = "DataTypes.Entities", "DataTypes.Entities\DataTypes.Entities.csproj", "{43F9AD8F-EDA2-4056-82F2-A49A9DEA32A0}"
EndProject
Project("{FAE04EC0-301F-11D3-BF4B-00C04F79EFBC}") = "DataTypes.Interfaces", "DataTypes.Interfaces\DataTypes.Interfaces.csproj", "{DCBA1FC9-3BF6-4EEE-897A-BDE97B7658C3}"
EndProject
Project("{FAE04EC0-301F-11D3-BF4B-00C04F79EFBC}") = "DataTypes.Core", "DataTypes.Core\DataTypes.Core.csproj", "{CC749C88-4EE1-474B-A2BC-922258441709}"
EndProject
Global
	GlobalSection(SolutionConfigurationPlatforms) = preSolution
		Debug|Any CPU = Debug|Any CPU
		Release|Any CPU = Release|Any CPU
	EndGlobalSection
	GlobalSection(ProjectConfigurationPlatforms) = postSolution
		{48B21CAC-10D1-4430-A577-3FC527E10CAB}.Debug|Any CPU.ActiveCfg = Debug|Any CPU
		{48B21CAC-10D1-4430-A577-3FC527E10CAB}.Debug|Any CPU.Build.0 = Debug|Any CPU
		{48B21CAC-10D1-4430-A577-3FC527E10CAB}.Release|Any CPU.ActiveCfg = Release|Any CPU
		{48B21CAC-10D1-4430-A577-3FC527E10CAB}.Release|Any CPU.Build.0 = Release|Any CPU
		{43F9AD8F-EDA2-4056-82F2-A49A9DEA32A0}.Debug|Any CPU.ActiveCfg = Debug|Any CPU
		{43F9AD8F-EDA2-4056-82F2-A49A9DEA32A0}.Debug|Any CPU.Build.0 = Debug|Any CPU
		{43F9AD8F-EDA2-4056-82F2-A49A9DEA32A0}.Release|Any CPU.ActiveCfg = Release|Any CPU
		{43F9AD8F-EDA2-4056-82F2-A49A9DEA32A0}.Release|Any CPU.Build.0 = Release|Any CPU
		{DCBA1FC9-3BF6-4EEE-897A-BDE97B7658C3}.Debug|Any CPU.ActiveCfg = Debug|Any CPU
		{DCBA1FC9-3BF6-4EEE-897A-BDE97B7658C3}.Debug|Any CPU.Build.0 = Debug|Any CPU
		{DCBA1FC9-3BF6-4EEE-897A-BDE97B7658C3}.Release|Any CPU.ActiveCfg = Release|Any CPU
		{DCBA1FC9-3BF6-4EEE-897A-BDE97B7658C3}.Release|Any CPU.Build.0 = Release|Any CPU
		{CC749C88-4EE1-474B-A2BC-922258441709}.Debug|Any CPU.ActiveCfg = Debug|Any CPU
		{CC749C88-4EE1-474B-A2BC-922258441709}.Debug|Any CPU.Build.0 = Debug|Any CPU
		{CC749C88-4EE1-474B-A2BC-922258441709}.Release|Any CPU.ActiveCfg = Release|Any CPU
		{CC749C88-4EE1-474B-A2BC-922258441709}.Release|Any CPU.Build.0 = Release|Any CPU
	EndGlobalSection
	GlobalSection(SolutionProperties) = preSolution
		HideSolutionNode = FALSE
	EndGlobalSection
EndGlobal
